// !$*UTF8*$!
{
	archiveVersion = 1;
	classes = {
	};
	objectVersion = 77;
	objects = {

/* Begin PBXBuildFile section */
		4C46D7932CC6DDC3008BCC9B /* Extensions.swift in Sources */ = {isa = PBXBuildFile; fileRef = 4C46D7922CC6DDC3008BCC9B /* Extensions.swift */; };
		4C77E58C2CC318A6004B82C3 /* UIHelper.swift in Sources */ = {isa = PBXBuildFile; fileRef = 4C77E58B2CC318A6004B82C3 /* UIHelper.swift */; };
		4C99B4082CC16F9600EF8DDB /* NetworkManager.swift in Sources */ = {isa = PBXBuildFile; fileRef = 4C99B4072CC16F9600EF8DDB /* NetworkManager.swift */; };
		4C99B40B2CC17C0B00EF8DDB /* ErrorMessage.swift in Sources */ = {isa = PBXBuildFile; fileRef = 4C99B40A2CC17C0100EF8DDB /* ErrorMessage.swift */; };
		4C99B40D2CC184EB00EF8DDB /* GFAvatarImageView.swift in Sources */ = {isa = PBXBuildFile; fileRef = 4C99B40C2CC184EB00EF8DDB /* GFAvatarImageView.swift */; };
		4C99B40F2CC1864600EF8DDB /* FollowerCollectionViewCell.swift in Sources */ = {isa = PBXBuildFile; fileRef = 4C99B40E2CC1864600EF8DDB /* FollowerCollectionViewCell.swift */; };
		4CD24EAD2CC0868F0057F200 /* Follower.swift in Sources */ = {isa = PBXBuildFile; fileRef = 4CD24EAC2CC0868F0057F200 /* Follower.swift */; };
		4CD24EAF2CC087300057F200 /* User.swift in Sources */ = {isa = PBXBuildFile; fileRef = 4CD24EAE2CC087300057F200 /* User.swift */; };
		BFEF58262CBE37D0008CC7BC /* AppDelegate.swift in Sources */ = {isa = PBXBuildFile; fileRef = BFEF58142CBE37D0008CC7BC /* AppDelegate.swift */; };
		BFEF58272CBE37D0008CC7BC /* FavoritesListViewController.swift in Sources */ = {isa = PBXBuildFile; fileRef = BFEF58162CBE37D0008CC7BC /* FavoritesListViewController.swift */; };
		BFEF58282CBE37D0008CC7BC /* FollowersViewController.swift in Sources */ = {isa = PBXBuildFile; fileRef = BFEF58172CBE37D0008CC7BC /* FollowersViewController.swift */; };
		BFEF58292CBE37D0008CC7BC /* GFAlertViewController.swift in Sources */ = {isa = PBXBuildFile; fileRef = BFEF58182CBE37D0008CC7BC /* GFAlertViewController.swift */; };
		BFEF582A2CBE37D0008CC7BC /* GFBodyLabel.swift in Sources */ = {isa = PBXBuildFile; fileRef = BFEF58192CBE37D0008CC7BC /* GFBodyLabel.swift */; };
		BFEF582B2CBE37D0008CC7BC /* GFButton.swift in Sources */ = {isa = PBXBuildFile; fileRef = BFEF581A2CBE37D0008CC7BC /* GFButton.swift */; };
		BFEF582C2CBE37D0008CC7BC /* GFTextField.swift in Sources */ = {isa = PBXBuildFile; fileRef = BFEF581B2CBE37D0008CC7BC /* GFTextField.swift */; };
		BFEF582D2CBE37D0008CC7BC /* GFTitleLabel.swift in Sources */ = {isa = PBXBuildFile; fileRef = BFEF581C2CBE37D0008CC7BC /* GFTitleLabel.swift */; };
		BFEF582E2CBE37D0008CC7BC /* SceneDelegate.swift in Sources */ = {isa = PBXBuildFile; fileRef = BFEF58202CBE37D0008CC7BC /* SceneDelegate.swift */; };
		BFEF582F2CBE37D0008CC7BC /* SearchViewController.swift in Sources */ = {isa = PBXBuildFile; fileRef = BFEF58212CBE37D0008CC7BC /* SearchViewController.swift */; };
		BFEF58302CBE37D0008CC7BC /* String+Ext.swift in Sources */ = {isa = PBXBuildFile; fileRef = BFEF58222CBE37D0008CC7BC /* String+Ext.swift */; };
		BFEF58312CBE37D0008CC7BC /* UIViewController+Ext.swift in Sources */ = {isa = PBXBuildFile; fileRef = BFEF58232CBE37D0008CC7BC /* UIViewController+Ext.swift */; };
		BFEF58322CBE37D0008CC7BC /* ViewController.swift in Sources */ = {isa = PBXBuildFile; fileRef = BFEF58242CBE37D0008CC7BC /* ViewController.swift */; };
		BFEF58332CBE37D0008CC7BC /* Assets.xcassets in Resources */ = {isa = PBXBuildFile; fileRef = BFEF58152CBE37D0008CC7BC /* Assets.xcassets */; };
		BFEF58352CBE37D0008CC7BC /* LaunchScreen.storyboard in Resources */ = {isa = PBXBuildFile; fileRef = BFEF581F2CBE37D0008CC7BC /* LaunchScreen.storyboard */; };
		BFEF58382CBE37D6008CC7BC /* githubTests.swift in Sources */ = {isa = PBXBuildFile; fileRef = BFEF58362CBE37D6008CC7BC /* githubTests.swift */; };
		BFEF583C2CBE37DB008CC7BC /* githubUITests.swift in Sources */ = {isa = PBXBuildFile; fileRef = BFEF58392CBE37DB008CC7BC /* githubUITests.swift */; };
		BFEF583D2CBE37DB008CC7BC /* githubUITestsLaunchTests.swift in Sources */ = {isa = PBXBuildFile; fileRef = BFEF583A2CBE37DB008CC7BC /* githubUITestsLaunchTests.swift */; };
/* End PBXBuildFile section */

/* Begin PBXContainerItemProxy section */
		BF51436C2CBCD5F4008ACCBC /* PBXContainerItemProxy */ = {
			isa = PBXContainerItemProxy;
			containerPortal = BF51434D2CBCD5F1008ACCBC /* Project object */;
			proxyType = 1;
			remoteGlobalIDString = BF5143542CBCD5F1008ACCBC;
			remoteInfo = github;
		};
		BF5143762CBCD5F4008ACCBC /* PBXContainerItemProxy */ = {
			isa = PBXContainerItemProxy;
			containerPortal = BF51434D2CBCD5F1008ACCBC /* Project object */;
			proxyType = 1;
			remoteGlobalIDString = BF5143542CBCD5F1008ACCBC;
			remoteInfo = github;
		};
/* End PBXContainerItemProxy section */

/* Begin PBXFileReference section */
		4C46D7922CC6DDC3008BCC9B /* Extensions.swift */ = {isa = PBXFileReference; lastKnownFileType = sourcecode.swift; path = Extensions.swift; sourceTree = "<group>"; };
		4C77E58B2CC318A6004B82C3 /* UIHelper.swift */ = {isa = PBXFileReference; lastKnownFileType = sourcecode.swift; path = UIHelper.swift; sourceTree = "<group>"; };
		4C99B4072CC16F9600EF8DDB /* NetworkManager.swift */ = {isa = PBXFileReference; lastKnownFileType = sourcecode.swift; path = NetworkManager.swift; sourceTree = "<group>"; };
		4C99B40A2CC17C0100EF8DDB /* ErrorMessage.swift */ = {isa = PBXFileReference; lastKnownFileType = sourcecode.swift; path = ErrorMessage.swift; sourceTree = "<group>"; };
		4C99B40C2CC184EB00EF8DDB /* GFAvatarImageView.swift */ = {isa = PBXFileReference; lastKnownFileType = sourcecode.swift; path = GFAvatarImageView.swift; sourceTree = "<group>"; };
		4C99B40E2CC1864600EF8DDB /* FollowerCollectionViewCell.swift */ = {isa = PBXFileReference; lastKnownFileType = sourcecode.swift; path = FollowerCollectionViewCell.swift; sourceTree = "<group>"; };
		4CD24EAC2CC0868F0057F200 /* Follower.swift */ = {isa = PBXFileReference; lastKnownFileType = sourcecode.swift; path = Follower.swift; sourceTree = "<group>"; };
		4CD24EAE2CC087300057F200 /* User.swift */ = {isa = PBXFileReference; lastKnownFileType = sourcecode.swift; path = User.swift; sourceTree = "<group>"; };
		BF5143552CBCD5F1008ACCBC /* GithubFollowers.app */ = {isa = PBXFileReference; explicitFileType = wrapper.application; includeInIndex = 0; path = GithubFollowers.app; sourceTree = BUILT_PRODUCTS_DIR; };
		BF51436B2CBCD5F4008ACCBC /* GithubFollowersTests.xctest */ = {isa = PBXFileReference; explicitFileType = wrapper.cfbundle; includeInIndex = 0; path = GithubFollowersTests.xctest; sourceTree = BUILT_PRODUCTS_DIR; };
		BF5143752CBCD5F4008ACCBC /* GithubFollowersUITests.xctest */ = {isa = PBXFileReference; explicitFileType = wrapper.cfbundle; includeInIndex = 0; path = GithubFollowersUITests.xctest; sourceTree = BUILT_PRODUCTS_DIR; };
		BFEF58142CBE37D0008CC7BC /* AppDelegate.swift */ = {isa = PBXFileReference; lastKnownFileType = sourcecode.swift; path = AppDelegate.swift; sourceTree = "<group>"; };
		BFEF58152CBE37D0008CC7BC /* Assets.xcassets */ = {isa = PBXFileReference; lastKnownFileType = folder.assetcatalog; path = Assets.xcassets; sourceTree = "<group>"; };
		BFEF58162CBE37D0008CC7BC /* FavoritesListViewController.swift */ = {isa = PBXFileReference; lastKnownFileType = sourcecode.swift; path = FavoritesListViewController.swift; sourceTree = "<group>"; };
		BFEF58172CBE37D0008CC7BC /* FollowersViewController.swift */ = {isa = PBXFileReference; lastKnownFileType = sourcecode.swift; path = FollowersViewController.swift; sourceTree = "<group>"; };
		BFEF58182CBE37D0008CC7BC /* GFAlertViewController.swift */ = {isa = PBXFileReference; lastKnownFileType = sourcecode.swift; path = GFAlertViewController.swift; sourceTree = "<group>"; };
		BFEF58192CBE37D0008CC7BC /* GFBodyLabel.swift */ = {isa = PBXFileReference; lastKnownFileType = sourcecode.swift; path = GFBodyLabel.swift; sourceTree = "<group>"; };
		BFEF581A2CBE37D0008CC7BC /* GFButton.swift */ = {isa = PBXFileReference; lastKnownFileType = sourcecode.swift; path = GFButton.swift; sourceTree = "<group>"; };
		BFEF581B2CBE37D0008CC7BC /* GFTextField.swift */ = {isa = PBXFileReference; lastKnownFileType = sourcecode.swift; path = GFTextField.swift; sourceTree = "<group>"; };
		BFEF581C2CBE37D0008CC7BC /* GFTitleLabel.swift */ = {isa = PBXFileReference; lastKnownFileType = sourcecode.swift; path = GFTitleLabel.swift; sourceTree = "<group>"; };
		BFEF581D2CBE37D0008CC7BC /* Info.plist */ = {isa = PBXFileReference; lastKnownFileType = text.plist.xml; path = Info.plist; sourceTree = "<group>"; };
		BFEF581E2CBE37D0008CC7BC /* Base */ = {isa = PBXFileReference; lastKnownFileType = file.storyboard; name = Base; path = Base.lproj/LaunchScreen.storyboard; sourceTree = "<group>"; };
		BFEF58202CBE37D0008CC7BC /* SceneDelegate.swift */ = {isa = PBXFileReference; lastKnownFileType = sourcecode.swift; path = SceneDelegate.swift; sourceTree = "<group>"; };
		BFEF58212CBE37D0008CC7BC /* SearchViewController.swift */ = {isa = PBXFileReference; lastKnownFileType = sourcecode.swift; path = SearchViewController.swift; sourceTree = "<group>"; };
		BFEF58222CBE37D0008CC7BC /* String+Ext.swift */ = {isa = PBXFileReference; lastKnownFileType = sourcecode.swift; path = "String+Ext.swift"; sourceTree = "<group>"; };
		BFEF58232CBE37D0008CC7BC /* UIViewController+Ext.swift */ = {isa = PBXFileReference; lastKnownFileType = sourcecode.swift; path = "UIViewController+Ext.swift"; sourceTree = "<group>"; };
		BFEF58242CBE37D0008CC7BC /* ViewController.swift */ = {isa = PBXFileReference; lastKnownFileType = sourcecode.swift; path = ViewController.swift; sourceTree = "<group>"; };
		BFEF58362CBE37D6008CC7BC /* githubTests.swift */ = {isa = PBXFileReference; lastKnownFileType = sourcecode.swift; path = githubTests.swift; sourceTree = "<group>"; };
		BFEF58392CBE37DB008CC7BC /* githubUITests.swift */ = {isa = PBXFileReference; lastKnownFileType = sourcecode.swift; path = githubUITests.swift; sourceTree = "<group>"; };
		BFEF583A2CBE37DB008CC7BC /* githubUITestsLaunchTests.swift */ = {isa = PBXFileReference; lastKnownFileType = sourcecode.swift; path = githubUITestsLaunchTests.swift; sourceTree = "<group>"; };
/* End PBXFileReference section */

/* Begin PBXFrameworksBuildPhase section */
		BF5143522CBCD5F1008ACCBC /* Frameworks */ = {
			isa = PBXFrameworksBuildPhase;
			buildActionMask = 2147483647;
			files = (
			);
			runOnlyForDeploymentPostprocessing = 0;
		};
		BF5143682CBCD5F4008ACCBC /* Frameworks */ = {
			isa = PBXFrameworksBuildPhase;
			buildActionMask = 2147483647;
			files = (
			);
			runOnlyForDeploymentPostprocessing = 0;
		};
		BF5143722CBCD5F4008ACCBC /* Frameworks */ = {
			isa = PBXFrameworksBuildPhase;
			buildActionMask = 2147483647;
			files = (
			);
			runOnlyForDeploymentPostprocessing = 0;
		};
/* End PBXFrameworksBuildPhase section */

/* Begin PBXGroup section */
		4C99B4062CC16F8700EF8DDB /* Managers */ = {
			isa = PBXGroup;
			children = (
				4C99B4072CC16F9600EF8DDB /* NetworkManager.swift */,
			);
			path = Managers;
			sourceTree = "<group>";
		};
		4C99B4092CC17BF300EF8DDB /* Utilities */ = {
			isa = PBXGroup;
			children = (
				4C99B40A2CC17C0100EF8DDB /* ErrorMessage.swift */,
				4C77E58B2CC318A6004B82C3 /* UIHelper.swift */,
			);
			path = Utilities;
			sourceTree = "<group>";
		};
		4CD24EAB2CC086690057F200 /* Model */ = {
			isa = PBXGroup;
			children = (
				4CD24EAC2CC0868F0057F200 /* Follower.swift */,
				4CD24EAE2CC087300057F200 /* User.swift */,
			);
			path = Model;
			sourceTree = "<group>";
		};
		BF51434C2CBCD5F1008ACCBC = {
			isa = PBXGroup;
			children = (
				BFEF58252CBE37D0008CC7BC /* GithubFollowers */,
				BFEF58372CBE37D6008CC7BC /* GithubFollowersTests */,
				BFEF583B2CBE37DB008CC7BC /* GithubFollowersUITests */,
				BF5143562CBCD5F1008ACCBC /* Products */,
			);
			sourceTree = "<group>";
		};
		BF5143562CBCD5F1008ACCBC /* Products */ = {
			isa = PBXGroup;
			children = (
				BF5143552CBCD5F1008ACCBC /* GithubFollowers.app */,
				BF51436B2CBCD5F4008ACCBC /* GithubFollowersTests.xctest */,
				BF5143752CBCD5F4008ACCBC /* GithubFollowersUITests.xctest */,
			);
			name = Products;
			sourceTree = "<group>";
		};
		BFEF58252CBE37D0008CC7BC /* GithubFollowers */ = {
			isa = PBXGroup;
			children = (
				4C99B4092CC17BF300EF8DDB /* Utilities */,
				4C99B4062CC16F8700EF8DDB /* Managers */,
				BFEF581D2CBE37D0008CC7BC /* Info.plist */,
				4CD24EAB2CC086690057F200 /* Model */,
				BFEF58402CBE3807008CC7BC /* CustomViews */,
				BFEF583E2CBE37E6008CC7BC /* Extensions */,
				BFEF58412CBE382E008CC7BC /* Screens */,
				BFEF58422CBE383A008CC7BC /* Support */,
			);
			path = GithubFollowers;
			sourceTree = "<group>";
		};
		BFEF58372CBE37D6008CC7BC /* GithubFollowersTests */ = {
			isa = PBXGroup;
			children = (
				BFEF58362CBE37D6008CC7BC /* githubTests.swift */,
			);
			path = GithubFollowersTests;
			sourceTree = "<group>";
		};
		BFEF583B2CBE37DB008CC7BC /* GithubFollowersUITests */ = {
			isa = PBXGroup;
			children = (
				BFEF58392CBE37DB008CC7BC /* githubUITests.swift */,
				BFEF583A2CBE37DB008CC7BC /* githubUITestsLaunchTests.swift */,
			);
			path = GithubFollowersUITests;
			sourceTree = "<group>";
		};
		BFEF583E2CBE37E6008CC7BC /* Extensions */ = {
			isa = PBXGroup;
			children = (
				BFEF58222CBE37D0008CC7BC /* String+Ext.swift */,
				BFEF58232CBE37D0008CC7BC /* UIViewController+Ext.swift */,
				4C46D7922CC6DDC3008BCC9B /* Extensions.swift */,
			);
			path = Extensions;
			sourceTree = "<group>";
		};
		BFEF58402CBE3807008CC7BC /* CustomViews */ = {
			isa = PBXGroup;
			children = (
				BFEF58182CBE37D0008CC7BC /* GFAlertViewController.swift */,
				BFEF58192CBE37D0008CC7BC /* GFBodyLabel.swift */,
				BFEF581A2CBE37D0008CC7BC /* GFButton.swift */,
				BFEF581B2CBE37D0008CC7BC /* GFTextField.swift */,
				BFEF581C2CBE37D0008CC7BC /* GFTitleLabel.swift */,
				4C99B40C2CC184EB00EF8DDB /* GFAvatarImageView.swift */,
				4C99B40E2CC1864600EF8DDB /* FollowerCollectionViewCell.swift */,
			);
			path = CustomViews;
			sourceTree = "<group>";
		};
		BFEF58412CBE382E008CC7BC /* Screens */ = {
			isa = PBXGroup;
			children = (
				BFEF58162CBE37D0008CC7BC /* FavoritesListViewController.swift */,
				BFEF58172CBE37D0008CC7BC /* FollowersViewController.swift */,
				BFEF58212CBE37D0008CC7BC /* SearchViewController.swift */,
			);
			path = Screens;
			sourceTree = "<group>";
		};
		BFEF58422CBE383A008CC7BC /* Support */ = {
			isa = PBXGroup;
			children = (
				BFEF58152CBE37D0008CC7BC /* Assets.xcassets */,
				BFEF581F2CBE37D0008CC7BC /* LaunchScreen.storyboard */,
				BFEF58202CBE37D0008CC7BC /* SceneDelegate.swift */,
				BFEF58242CBE37D0008CC7BC /* ViewController.swift */,
				BFEF58142CBE37D0008CC7BC /* AppDelegate.swift */,
			);
			path = Support;
			sourceTree = "<group>";
		};
/* End PBXGroup section */

/* Begin PBXNativeTarget section */
		BF5143542CBCD5F1008ACCBC /* GithubFollowers */ = {
			isa = PBXNativeTarget;
			buildConfigurationList = BF51437E2CBCD5F4008ACCBC /* Build configuration list for PBXNativeTarget "GithubFollowers" */;
			buildPhases = (
				BF5143512CBCD5F1008ACCBC /* Sources */,
				BF5143522CBCD5F1008ACCBC /* Frameworks */,
				BF5143532CBCD5F1008ACCBC /* Resources */,
			);
			buildRules = (
			);
			dependencies = (
			);
			name = GithubFollowers;
			packageProductDependencies = (
			);
			productName = github;
			productReference = BF5143552CBCD5F1008ACCBC /* GithubFollowers.app */;
			productType = "com.apple.product-type.application";
		};
		BF51436A2CBCD5F4008ACCBC /* GithubFollowersTests */ = {
			isa = PBXNativeTarget;
			buildConfigurationList = BF5143832CBCD5F4008ACCBC /* Build configuration list for PBXNativeTarget "GithubFollowersTests" */;
			buildPhases = (
				BF5143672CBCD5F4008ACCBC /* Sources */,
				BF5143682CBCD5F4008ACCBC /* Frameworks */,
				BF5143692CBCD5F4008ACCBC /* Resources */,
			);
			buildRules = (
			);
			dependencies = (
				BF51436D2CBCD5F4008ACCBC /* PBXTargetDependency */,
			);
			name = GithubFollowersTests;
			packageProductDependencies = (
			);
			productName = githubTests;
			productReference = BF51436B2CBCD5F4008ACCBC /* GithubFollowersTests.xctest */;
			productType = "com.apple.product-type.bundle.unit-test";
		};
		BF5143742CBCD5F4008ACCBC /* GithubFollowersUITests */ = {
			isa = PBXNativeTarget;
			buildConfigurationList = BF5143862CBCD5F4008ACCBC /* Build configuration list for PBXNativeTarget "GithubFollowersUITests" */;
			buildPhases = (
				BF5143712CBCD5F4008ACCBC /* Sources */,
				BF5143722CBCD5F4008ACCBC /* Frameworks */,
				BF5143732CBCD5F4008ACCBC /* Resources */,
			);
			buildRules = (
			);
			dependencies = (
				BF5143772CBCD5F4008ACCBC /* PBXTargetDependency */,
			);
			name = GithubFollowersUITests;
			packageProductDependencies = (
			);
			productName = githubUITests;
			productReference = BF5143752CBCD5F4008ACCBC /* GithubFollowersUITests.xctest */;
			productType = "com.apple.product-type.bundle.ui-testing";
		};
/* End PBXNativeTarget section */

/* Begin PBXProject section */
		BF51434D2CBCD5F1008ACCBC /* Project object */ = {
			isa = PBXProject;
			attributes = {
				BuildIndependentTargetsInParallel = 1;
				LastSwiftUpdateCheck = 1600;
				LastUpgradeCheck = 1600;
				TargetAttributes = {
					BF5143542CBCD5F1008ACCBC = {
						CreatedOnToolsVersion = 16.0;
					};
					BF51436A2CBCD5F4008ACCBC = {
						CreatedOnToolsVersion = 16.0;
						TestTargetID = BF5143542CBCD5F1008ACCBC;
					};
					BF5143742CBCD5F4008ACCBC = {
						CreatedOnToolsVersion = 16.0;
						TestTargetID = BF5143542CBCD5F1008ACCBC;
					};
				};
			};
			buildConfigurationList = BF5143502CBCD5F1008ACCBC /* Build configuration list for PBXProject "GithubFollowers" */;
			developmentRegion = en;
			hasScannedForEncodings = 0;
			knownRegions = (
				en,
				Base,
			);
			mainGroup = BF51434C2CBCD5F1008ACCBC;
			minimizedProjectReferenceProxies = 1;
			preferredProjectObjectVersion = 77;
			productRefGroup = BF5143562CBCD5F1008ACCBC /* Products */;
			projectDirPath = "";
			projectRoot = "";
			targets = (
				BF5143542CBCD5F1008ACCBC /* GithubFollowers */,
				BF51436A2CBCD5F4008ACCBC /* GithubFollowersTests */,
				BF5143742CBCD5F4008ACCBC /* GithubFollowersUITests */,
			);
		};
/* End PBXProject section */

/* Begin PBXResourcesBuildPhase section */
		BF5143532CBCD5F1008ACCBC /* Resources */ = {
			isa = PBXResourcesBuildPhase;
			buildActionMask = 2147483647;
			files = (
				BFEF58332CBE37D0008CC7BC /* Assets.xcassets in Resources */,
				BFEF58352CBE37D0008CC7BC /* LaunchScreen.storyboard in Resources */,
			);
			runOnlyForDeploymentPostprocessing = 0;
		};
		BF5143692CBCD5F4008ACCBC /* Resources */ = {
			isa = PBXResourcesBuildPhase;
			buildActionMask = 2147483647;
			files = (
			);
			runOnlyForDeploymentPostprocessing = 0;
		};
		BF5143732CBCD5F4008ACCBC /* Resources */ = {
			isa = PBXResourcesBuildPhase;
			buildActionMask = 2147483647;
			files = (
			);
			runOnlyForDeploymentPostprocessing = 0;
		};
/* End PBXResourcesBuildPhase section */

/* Begin PBXSourcesBuildPhase section */
		BF5143512CBCD5F1008ACCBC /* Sources */ = {
			isa = PBXSourcesBuildPhase;
			buildActionMask = 2147483647;
			files = (
				BFEF58262CBE37D0008CC7BC /* AppDelegate.swift in Sources */,
				4C99B40B2CC17C0B00EF8DDB /* ErrorMessage.swift in Sources */,
				4CD24EAD2CC0868F0057F200 /* Follower.swift in Sources */,
				BFEF58272CBE37D0008CC7BC /* FavoritesListViewController.swift in Sources */,
				BFEF58282CBE37D0008CC7BC /* FollowersViewController.swift in Sources */,
				4C77E58C2CC318A6004B82C3 /* UIHelper.swift in Sources */,
				4C99B4082CC16F9600EF8DDB /* NetworkManager.swift in Sources */,
				BFEF58292CBE37D0008CC7BC /* GFAlertViewController.swift in Sources */,
				BFEF582A2CBE37D0008CC7BC /* GFBodyLabel.swift in Sources */,
				4C99B40D2CC184EB00EF8DDB /* GFAvatarImageView.swift in Sources */,
				BFEF582B2CBE37D0008CC7BC /* GFButton.swift in Sources */,
				4C99B40F2CC1864600EF8DDB /* FollowerCollectionViewCell.swift in Sources */,
				BFEF582C2CBE37D0008CC7BC /* GFTextField.swift in Sources */,
				4C46D7932CC6DDC3008BCC9B /* Extensions.swift in Sources */,
				4CD24EAF2CC087300057F200 /* User.swift in Sources */,
				BFEF582D2CBE37D0008CC7BC /* GFTitleLabel.swift in Sources */,
				BFEF582E2CBE37D0008CC7BC /* SceneDelegate.swift in Sources */,
				BFEF582F2CBE37D0008CC7BC /* SearchViewController.swift in Sources */,
				BFEF58302CBE37D0008CC7BC /* String+Ext.swift in Sources */,
				BFEF58312CBE37D0008CC7BC /* UIViewController+Ext.swift in Sources */,
				BFEF58322CBE37D0008CC7BC /* ViewController.swift in Sources */,
			);
			runOnlyForDeploymentPostprocessing = 0;
		};
		BF5143672CBCD5F4008ACCBC /* Sources */ = {
			isa = PBXSourcesBuildPhase;
			buildActionMask = 2147483647;
			files = (
				BFEF58382CBE37D6008CC7BC /* githubTests.swift in Sources */,
			);
			runOnlyForDeploymentPostprocessing = 0;
		};
		BF5143712CBCD5F4008ACCBC /* Sources */ = {
			isa = PBXSourcesBuildPhase;
			buildActionMask = 2147483647;
			files = (
				BFEF583C2CBE37DB008CC7BC /* githubUITests.swift in Sources */,
				BFEF583D2CBE37DB008CC7BC /* githubUITestsLaunchTests.swift in Sources */,
			);
			runOnlyForDeploymentPostprocessing = 0;
		};
/* End PBXSourcesBuildPhase section */

/* Begin PBXTargetDependency section */
		BF51436D2CBCD5F4008ACCBC /* PBXTargetDependency */ = {
			isa = PBXTargetDependency;
			target = BF5143542CBCD5F1008ACCBC /* GithubFollowers */;
			targetProxy = BF51436C2CBCD5F4008ACCBC /* PBXContainerItemProxy */;
		};
		BF5143772CBCD5F4008ACCBC /* PBXTargetDependency */ = {
			isa = PBXTargetDependency;
			target = BF5143542CBCD5F1008ACCBC /* GithubFollowers */;
			targetProxy = BF5143762CBCD5F4008ACCBC /* PBXContainerItemProxy */;
		};
/* End PBXTargetDependency section */

/* Begin PBXVariantGroup section */
		BFEF581F2CBE37D0008CC7BC /* LaunchScreen.storyboard */ = {
			isa = PBXVariantGroup;
			children = (
				BFEF581E2CBE37D0008CC7BC /* Base */,
			);
			name = LaunchScreen.storyboard;
			sourceTree = "<group>";
		};
/* End PBXVariantGroup section */

/* Begin XCBuildConfiguration section */
		BF51437F2CBCD5F4008ACCBC /* Debug */ = {
			isa = XCBuildConfiguration;
			buildSettings = {
				ASSETCATALOG_COMPILER_APPICON_NAME = AppIcon;
				ASSETCATALOG_COMPILER_GLOBAL_ACCENT_COLOR_NAME = AccentColor;
				CODE_SIGN_STYLE = Automatic;
				CURRENT_PROJECT_VERSION = 1;
				GENERATE_INFOPLIST_FILE = YES;
				INFOPLIST_FILE = GithubFollowers/Info.plist;
				INFOPLIST_KEY_UIApplicationSupportsIndirectInputEvents = YES;
				INFOPLIST_KEY_UILaunchStoryboardName = LaunchScreen;
				INFOPLIST_KEY_UIMainStoryboardFile = "";
				INFOPLIST_KEY_UISupportedInterfaceOrientations_iPad = "UIInterfaceOrientationPortrait UIInterfaceOrientationPortraitUpsideDown UIInterfaceOrientationLandscapeLeft UIInterfaceOrientationLandscapeRight";
				INFOPLIST_KEY_UISupportedInterfaceOrientations_iPhone = "UIInterfaceOrientationPortrait UIInterfaceOrientationLandscapeLeft UIInterfaceOrientationLandscapeRight";
				LD_RUNPATH_SEARCH_PATHS = (
					"$(inherited)",
					"@executable_path/Frameworks",
				);
				MARKETING_VERSION = 1.0;
				PRODUCT_BUNDLE_IDENTIFIER = com.hhugo.Github;
				PRODUCT_NAME = "$(TARGET_NAME)";
				SWIFT_EMIT_LOC_STRINGS = YES;
				SWIFT_VERSION = 5.0;
				TARGETED_DEVICE_FAMILY = "1,2";
			};
			name = Debug;
		};
		BF5143802CBCD5F4008ACCBC /* Release */ = {
			isa = XCBuildConfiguration;
			buildSettings = {
				ASSETCATALOG_COMPILER_APPICON_NAME = AppIcon;
				ASSETCATALOG_COMPILER_GLOBAL_ACCENT_COLOR_NAME = AccentColor;
				CODE_SIGN_STYLE = Automatic;
				CURRENT_PROJECT_VERSION = 1;
				GENERATE_INFOPLIST_FILE = YES;
				INFOPLIST_FILE = GithubFollowers/Info.plist;
				INFOPLIST_KEY_UIApplicationSupportsIndirectInputEvents = YES;
				INFOPLIST_KEY_UILaunchStoryboardName = LaunchScreen;
				INFOPLIST_KEY_UIMainStoryboardFile = "";
				INFOPLIST_KEY_UISupportedInterfaceOrientations_iPad = "UIInterfaceOrientationPortrait UIInterfaceOrientationPortraitUpsideDown UIInterfaceOrientationLandscapeLeft UIInterfaceOrientationLandscapeRight";
				INFOPLIST_KEY_UISupportedInterfaceOrientations_iPhone = "UIInterfaceOrientationPortrait UIInterfaceOrientationLandscapeLeft UIInterfaceOrientationLandscapeRight";
				LD_RUNPATH_SEARCH_PATHS = (
					"$(inherited)",
					"@executable_path/Frameworks",
				);
				MARKETING_VERSION = 1.0;
				PRODUCT_BUNDLE_IDENTIFIER = com.hhugo.Github;
				PRODUCT_NAME = "$(TARGET_NAME)";
				SWIFT_EMIT_LOC_STRINGS = YES;
				SWIFT_VERSION = 5.0;
				TARGETED_DEVICE_FAMILY = "1,2";
			};
			name = Release;
		};
		BF5143812CBCD5F4008ACCBC /* Debug */ = {
			isa = XCBuildConfiguration;
			buildSettings = {
				ALWAYS_SEARCH_USER_PATHS = NO;
				ASSETCATALOG_COMPILER_GENERATE_SWIFT_ASSET_SYMBOL_EXTENSIONS = YES;
				CLANG_ANALYZER_NONNULL = YES;
				CLANG_ANALYZER_NUMBER_OBJECT_CONVERSION = YES_AGGRESSIVE;
				CLANG_CXX_LANGUAGE_STANDARD = "gnu++20";
				CLANG_ENABLE_MODULES = YES;
				CLANG_ENABLE_OBJC_ARC = YES;
				CLANG_ENABLE_OBJC_WEAK = YES;
				CLANG_WARN_BLOCK_CAPTURE_AUTORELEASING = YES;
				CLANG_WARN_BOOL_CONVERSION = YES;
				CLANG_WARN_COMMA = YES;
				CLANG_WARN_CONSTANT_CONVERSION = YES;
				CLANG_WARN_DEPRECATED_OBJC_IMPLEMENTATIONS = YES;
				CLANG_WARN_DIRECT_OBJC_ISA_USAGE = YES_ERROR;
				CLANG_WARN_DOCUMENTATION_COMMENTS = YES;
				CLANG_WARN_EMPTY_BODY = YES;
				CLANG_WARN_ENUM_CONVERSION = YES;
				CLANG_WARN_INFINITE_RECURSION = YES;
				CLANG_WARN_INT_CONVERSION = YES;
				CLANG_WARN_NON_LITERAL_NULL_CONVERSION = YES;
				CLANG_WARN_OBJC_IMPLICIT_RETAIN_SELF = YES;
				CLANG_WARN_OBJC_LITERAL_CONVERSION = YES;
				CLANG_WARN_OBJC_ROOT_CLASS = YES_ERROR;
				CLANG_WARN_QUOTED_INCLUDE_IN_FRAMEWORK_HEADER = YES;
				CLANG_WARN_RANGE_LOOP_ANALYSIS = YES;
				CLANG_WARN_STRICT_PROTOTYPES = YES;
				CLANG_WARN_SUSPICIOUS_MOVE = YES;
				CLANG_WARN_UNGUARDED_AVAILABILITY = YES_AGGRESSIVE;
				CLANG_WARN_UNREACHABLE_CODE = YES;
				CLANG_WARN__DUPLICATE_METHOD_MATCH = YES;
				COPY_PHASE_STRIP = NO;
				DEBUG_INFORMATION_FORMAT = dwarf;
				ENABLE_STRICT_OBJC_MSGSEND = YES;
				ENABLE_TESTABILITY = YES;
				ENABLE_USER_SCRIPT_SANDBOXING = YES;
				GCC_C_LANGUAGE_STANDARD = gnu17;
				GCC_DYNAMIC_NO_PIC = NO;
				GCC_NO_COMMON_BLOCKS = YES;
				GCC_OPTIMIZATION_LEVEL = 0;
				GCC_PREPROCESSOR_DEFINITIONS = (
					"DEBUG=1",
					"$(inherited)",
				);
				GCC_WARN_64_TO_32_BIT_CONVERSION = YES;
				GCC_WARN_ABOUT_RETURN_TYPE = YES_ERROR;
				GCC_WARN_UNDECLARED_SELECTOR = YES;
				GCC_WARN_UNINITIALIZED_AUTOS = YES_AGGRESSIVE;
				GCC_WARN_UNUSED_FUNCTION = YES;
				GCC_WARN_UNUSED_VARIABLE = YES;
				IPHONEOS_DEPLOYMENT_TARGET = 18.0;
				LOCALIZATION_PREFERS_STRING_CATALOGS = YES;
				MTL_ENABLE_DEBUG_INFO = INCLUDE_SOURCE;
				MTL_FAST_MATH = YES;
				ONLY_ACTIVE_ARCH = YES;
				SDKROOT = iphoneos;
				SWIFT_ACTIVE_COMPILATION_CONDITIONS = "DEBUG $(inherited)";
				SWIFT_OPTIMIZATION_LEVEL = "-Onone";
			};
			name = Debug;
		};
		BF5143822CBCD5F4008ACCBC /* Release */ = {
			isa = XCBuildConfiguration;
			buildSettings = {
				ALWAYS_SEARCH_USER_PATHS = NO;
				ASSETCATALOG_COMPILER_GENERATE_SWIFT_ASSET_SYMBOL_EXTENSIONS = YES;
				CLANG_ANALYZER_NONNULL = YES;
				CLANG_ANALYZER_NUMBER_OBJECT_CONVERSION = YES_AGGRESSIVE;
				CLANG_CXX_LANGUAGE_STANDARD = "gnu++20";
				CLANG_ENABLE_MODULES = YES;
				CLANG_ENABLE_OBJC_ARC = YES;
				CLANG_ENABLE_OBJC_WEAK = YES;
				CLANG_WARN_BLOCK_CAPTURE_AUTORELEASING = YES;
				CLANG_WARN_BOOL_CONVERSION = YES;
				CLANG_WARN_COMMA = YES;
				CLANG_WARN_CONSTANT_CONVERSION = YES;
				CLANG_WARN_DEPRECATED_OBJC_IMPLEMENTATIONS = YES;
				CLANG_WARN_DIRECT_OBJC_ISA_USAGE = YES_ERROR;
				CLANG_WARN_DOCUMENTATION_COMMENTS = YES;
				CLANG_WARN_EMPTY_BODY = YES;
				CLANG_WARN_ENUM_CONVERSION = YES;
				CLANG_WARN_INFINITE_RECURSION = YES;
				CLANG_WARN_INT_CONVERSION = YES;
				CLANG_WARN_NON_LITERAL_NULL_CONVERSION = YES;
				CLANG_WARN_OBJC_IMPLICIT_RETAIN_SELF = YES;
				CLANG_WARN_OBJC_LITERAL_CONVERSION = YES;
				CLANG_WARN_OBJC_ROOT_CLASS = YES_ERROR;
				CLANG_WARN_QUOTED_INCLUDE_IN_FRAMEWORK_HEADER = YES;
				CLANG_WARN_RANGE_LOOP_ANALYSIS = YES;
				CLANG_WARN_STRICT_PROTOTYPES = YES;
				CLANG_WARN_SUSPICIOUS_MOVE = YES;
				CLANG_WARN_UNGUARDED_AVAILABILITY = YES_AGGRESSIVE;
				CLANG_WARN_UNREACHABLE_CODE = YES;
				CLANG_WARN__DUPLICATE_METHOD_MATCH = YES;
				COPY_PHASE_STRIP = NO;
				DEBUG_INFORMATION_FORMAT = "dwarf-with-dsym";
				ENABLE_NS_ASSERTIONS = NO;
				ENABLE_STRICT_OBJC_MSGSEND = YES;
				ENABLE_USER_SCRIPT_SANDBOXING = YES;
				GCC_C_LANGUAGE_STANDARD = gnu17;
				GCC_NO_COMMON_BLOCKS = YES;
				GCC_WARN_64_TO_32_BIT_CONVERSION = YES;
				GCC_WARN_ABOUT_RETURN_TYPE = YES_ERROR;
				GCC_WARN_UNDECLARED_SELECTOR = YES;
				GCC_WARN_UNINITIALIZED_AUTOS = YES_AGGRESSIVE;
				GCC_WARN_UNUSED_FUNCTION = YES;
				GCC_WARN_UNUSED_VARIABLE = YES;
				IPHONEOS_DEPLOYMENT_TARGET = 18.0;
				LOCALIZATION_PREFERS_STRING_CATALOGS = YES;
				MTL_ENABLE_DEBUG_INFO = NO;
				MTL_FAST_MATH = YES;
				SDKROOT = iphoneos;
				SWIFT_COMPILATION_MODE = wholemodule;
				VALIDATE_PRODUCT = YES;
			};
			name = Release;
		};
		BF5143842CBCD5F4008ACCBC /* Debug */ = {
			isa = XCBuildConfiguration;
			buildSettings = {
				BUNDLE_LOADER = "$(TEST_HOST)";
				CODE_SIGN_STYLE = Automatic;
				CURRENT_PROJECT_VERSION = 1;
				GENERATE_INFOPLIST_FILE = YES;
				IPHONEOS_DEPLOYMENT_TARGET = 18.0;
				MARKETING_VERSION = 1.0;
				PRODUCT_BUNDLE_IDENTIFIER = com.hhugo.githubTests;
				PRODUCT_NAME = "$(TARGET_NAME)";
				SWIFT_EMIT_LOC_STRINGS = NO;
				SWIFT_VERSION = 5.0;
				TARGETED_DEVICE_FAMILY = "1,2";
				TEST_HOST = "$(BUILT_PRODUCTS_DIR)/GithubFollowers.app/$(BUNDLE_EXECUTABLE_FOLDER_PATH)/GithubFollowers";
			};
			name = Debug;
		};
		BF5143852CBCD5F4008ACCBC /* Release */ = {
			isa = XCBuildConfiguration;
			buildSettings = {
				BUNDLE_LOADER = "$(TEST_HOST)";
				CODE_SIGN_STYLE = Automatic;
				CURRENT_PROJECT_VERSION = 1;
				GENERATE_INFOPLIST_FILE = YES;
				IPHONEOS_DEPLOYMENT_TARGET = 18.0;
				MARKETING_VERSION = 1.0;
				PRODUCT_BUNDLE_IDENTIFIER = com.hhugo.githubTests;
				PRODUCT_NAME = "$(TARGET_NAME)";
				SWIFT_EMIT_LOC_STRINGS = NO;
				SWIFT_VERSION = 5.0;
				TARGETED_DEVICE_FAMILY = "1,2";
				TEST_HOST = "$(BUILT_PRODUCTS_DIR)/GithubFollowers.app/$(BUNDLE_EXECUTABLE_FOLDER_PATH)/GithubFollowers";
			};
			name = Release;
		};
		BF5143872CBCD5F4008ACCBC /* Debug */ = {
			isa = XCBuildConfiguration;
			buildSettings = {
				CODE_SIGN_STYLE = Automatic;
				CURRENT_PROJECT_VERSION = 1;
				GENERATE_INFOPLIST_FILE = YES;
				MARKETING_VERSION = 1.0;
				PRODUCT_BUNDLE_IDENTIFIER = com.hhugo.githubUITests;
				PRODUCT_NAME = "$(TARGET_NAME)";
				SWIFT_EMIT_LOC_STRINGS = NO;
				SWIFT_VERSION = 5.0;
				TARGETED_DEVICE_FAMILY = "1,2";
				TEST_TARGET_NAME = github;
			};
			name = Debug;
		};
		BF5143882CBCD5F4008ACCBC /* Release */ = {
			isa = XCBuildConfiguration;
			buildSettings = {
				CODE_SIGN_STYLE = Automatic;
				CURRENT_PROJECT_VERSION = 1;
				GENERATE_INFOPLIST_FILE = YES;
				MARKETING_VERSION = 1.0;
				PRODUCT_BUNDLE_IDENTIFIER = com.hhugo.githubUITests;
				PRODUCT_NAME = "$(TARGET_NAME)";
				SWIFT_EMIT_LOC_STRINGS = NO;
				SWIFT_VERSION = 5.0;
				TARGETED_DEVICE_FAMILY = "1,2";
				TEST_TARGET_NAME = github;
			};
			name = Release;
		};
/* End XCBuildConfiguration section */

/* Begin XCConfigurationList section */
		BF5143502CBCD5F1008ACCBC /* Build configuration list for PBXProject "GithubFollowers" */ = {
			isa = XCConfigurationList;
			buildConfigurations = (
				BF5143812CBCD5F4008ACCBC /* Debug */,
				BF5143822CBCD5F4008ACCBC /* Release */,
			);
			defaultConfigurationIsVisible = 0;
			defaultConfigurationName = Release;
		};
		BF51437E2CBCD5F4008ACCBC /* Build configuration list for PBXNativeTarget "GithubFollowers" */ = {
			isa = XCConfigurationList;
			buildConfigurations = (
				BF51437F2CBCD5F4008ACCBC /* Debug */,
				BF5143802CBCD5F4008ACCBC /* Release */,
			);
			defaultConfigurationIsVisible = 0;
			defaultConfigurationName = Release;
		};
		BF5143832CBCD5F4008ACCBC /* Build configuration list for PBXNativeTarget "GithubFollowersTests" */ = {
			isa = XCConfigurationList;
			buildConfigurations = (
				BF5143842CBCD5F4008ACCBC /* Debug */,
				BF5143852CBCD5F4008ACCBC /* Release */,
			);
			defaultConfigurationIsVisible = 0;
			defaultConfigurationName = Release;
		};
		BF5143862CBCD5F4008ACCBC /* Build configuration list for PBXNativeTarget "GithubFollowersUITests" */ = {
			isa = XCConfigurationList;
			buildConfigurations = (
				BF5143872CBCD5F4008ACCBC /* Debug */,
				BF5143882CBCD5F4008ACCBC /* Release */,
			);
			defaultConfigurationIsVisible = 0;
			defaultConfigurationName = Release;
		};
/* End XCConfigurationList section */
	};
	rootObject = BF51434D2CBCD5F1008ACCBC /* Project object */;
}
